// !$*UTF8*$!
{
	archiveVersion = 1;
	classes = {
	};
	objectVersion = 48;
	objects = {

/* Begin PBXBuildFile section */
		01084E1421CA75A100FADA1C /* CommodityViewController.m in Sources */ = {isa = PBXBuildFile; fileRef = 01084E1321CA75A100FADA1C /* CommodityViewController.m */; };
		01084E1721CA762100FADA1C /* PurchaseViewController.m in Sources */ = {isa = PBXBuildFile; fileRef = 01084E1621CA762100FADA1C /* PurchaseViewController.m */; };
		01084E1F21CA7FB200FADA1C /* TariffViewCell.m in Sources */ = {isa = PBXBuildFile; fileRef = 01084E1D21CA7FB200FADA1C /* TariffViewCell.m */; };
		011BE27521C4BC270044A70C /* NetworkManage.m in Sources */ = {isa = PBXBuildFile; fileRef = 011BE27421C4BC270044A70C /* NetworkManage.m */; };
		012750DF21C60460000FDFDB /* NSArray+Expand.m in Sources */ = {isa = PBXBuildFile; fileRef = 012750DE21C60460000FDFDB /* NSArray+Expand.m */; };
		012750E221C6049D000FDFDB /* NSDate+Expand.m in Sources */ = {isa = PBXBuildFile; fileRef = 012750E121C6049D000FDFDB /* NSDate+Expand.m */; };
		012750E521C604EE000FDFDB /* NSString+Expand.m in Sources */ = {isa = PBXBuildFile; fileRef = 012750E421C604EE000FDFDB /* NSString+Expand.m */; };
		012750E921C60555000FDFDB /* UIButton+Expand.m in Sources */ = {isa = PBXBuildFile; fileRef = 012750E821C60555000FDFDB /* UIButton+Expand.m */; };
		012750EC21C60592000FDFDB /* UIButton+VerificCode.m in Sources */ = {isa = PBXBuildFile; fileRef = 012750EB21C60592000FDFDB /* UIButton+VerificCode.m */; };
		012750EF21C605E3000FDFDB /* UIImage+Expand.m in Sources */ = {isa = PBXBuildFile; fileRef = 012750EE21C605E3000FDFDB /* UIImage+Expand.m */; };
		012750F221C6061C000FDFDB /* UIImageView+Expand.m in Sources */ = {isa = PBXBuildFile; fileRef = 012750F121C6061C000FDFDB /* UIImageView+Expand.m */; };
		012750F521C6064C000FDFDB /* UILabel+Expand.m in Sources */ = {isa = PBXBuildFile; fileRef = 012750F421C6064C000FDFDB /* UILabel+Expand.m */; };
		012750F821C6067C000FDFDB /* UITextField+Expand.m in Sources */ = {isa = PBXBuildFile; fileRef = 012750F721C6067C000FDFDB /* UITextField+Expand.m */; };
		012750FB21C606AF000FDFDB /* UIView+Expand.m in Sources */ = {isa = PBXBuildFile; fileRef = 012750FA21C606AF000FDFDB /* UIView+Expand.m */; };
		013ADC1C21CF50A300C21336 /* BasicPopView.m in Sources */ = {isa = PBXBuildFile; fileRef = 013ADC1B21CF50A300C21336 /* BasicPopView.m */; };
		013ADC2121CF517500C21336 /* DateSelectPopView.m in Sources */ = {isa = PBXBuildFile; fileRef = 013ADC2021CF517500C21336 /* DateSelectPopView.m */; };
		013ADC2421CF671700C21336 /* WaterListViewCell.m in Sources */ = {isa = PBXBuildFile; fileRef = 013ADC2321CF671700C21336 /* WaterListViewCell.m */; };
		013ADC2621CF685A00C21336 /* img_border_02.png in Resources */ = {isa = PBXBuildFile; fileRef = 013ADC2521CF685900C21336 /* img_border_02.png */; };
		013ADC2821CF949500C21336 /* img_tagBg_01.png in Resources */ = {isa = PBXBuildFile; fileRef = 013ADC2721CF949500C21336 /* img_tagBg_01.png */; };
		013ADC2C21CFD39100C21336 /* WaterDetailViewController.m in Sources */ = {isa = PBXBuildFile; fileRef = 013ADC2B21CFD39100C21336 /* WaterDetailViewController.m */; };
		013ADC2F21CFE60D00C21336 /* WaterDetailViewCell.m in Sources */ = {isa = PBXBuildFile; fileRef = 013ADC2E21CFE60D00C21336 /* WaterDetailViewCell.m */; };
		0196E12D21C00ADB004CB83C /* AppDelegate.m in Sources */ = {isa = PBXBuildFile; fileRef = 0196E12C21C00ADB004CB83C /* AppDelegate.m */; };
		0196E13521C00ADB004CB83C /* Assets.xcassets in Resources */ = {isa = PBXBuildFile; fileRef = 0196E13421C00ADB004CB83C /* Assets.xcassets */; };
		0196E13821C00ADB004CB83C /* LaunchScreen.storyboard in Resources */ = {isa = PBXBuildFile; fileRef = 0196E13621C00ADB004CB83C /* LaunchScreen.storyboard */; };
		0196E13B21C00ADB004CB83C /* main.m in Sources */ = {isa = PBXBuildFile; fileRef = 0196E13A21C00ADB004CB83C /* main.m */; };
		0196E14521C00ADB004CB83C /* ymlinksTests.m in Sources */ = {isa = PBXBuildFile; fileRef = 0196E14421C00ADB004CB83C /* ymlinksTests.m */; };
		0196E15021C00ADB004CB83C /* ymlinksUITests.m in Sources */ = {isa = PBXBuildFile; fileRef = 0196E14F21C00ADB004CB83C /* ymlinksUITests.m */; };
		0196E16721C00DFA004CB83C /* Main.storyboard in Resources */ = {isa = PBXBuildFile; fileRef = 0196E16321C00DFA004CB83C /* Main.storyboard */; };
		0196E16B21C0107F004CB83C /* img_login_element.png in Resources */ = {isa = PBXBuildFile; fileRef = 0196E16A21C0107F004CB83C /* img_login_element.png */; };
		01CE5D5C21C6308500B2BC90 /* YMSuperViewController.m in Sources */ = {isa = PBXBuildFile; fileRef = 01CE5D5B21C6308500B2BC90 /* YMSuperViewController.m */; };
		01CE5D6121C64F7700B2BC90 /* LoginViewController.m in Sources */ = {isa = PBXBuildFile; fileRef = 01CE5D6021C64F7700B2BC90 /* LoginViewController.m */; };
		01CE5D6521C651E500B2BC90 /* HomeViewController.m in Sources */ = {isa = PBXBuildFile; fileRef = 01CE5D6421C651E500B2BC90 /* HomeViewController.m */; };
		01CE5D6821C6690200B2BC90 /* NavigationController.m in Sources */ = {isa = PBXBuildFile; fileRef = 01CE5D6721C6690200B2BC90 /* NavigationController.m */; };
		01CE5D6A21C66A6E00B2BC90 /* icon_bg_01.png in Resources */ = {isa = PBXBuildFile; fileRef = 01CE5D6921C66A6E00B2BC90 /* icon_bg_01.png */; };
		01CE5D6C21C6762A00B2BC90 /* icon_search_01.png in Resources */ = {isa = PBXBuildFile; fileRef = 01CE5D6B21C6762A00B2BC90 /* icon_search_01.png */; };
		01CE5D7421C68BD300B2BC90 /* icon_price_list.png in Resources */ = {isa = PBXBuildFile; fileRef = 01CE5D6F21C68BD100B2BC90 /* icon_price_list.png */; };
		01CE5D7521C68BD300B2BC90 /* icon_water_list.png in Resources */ = {isa = PBXBuildFile; fileRef = 01CE5D7021C68BD200B2BC90 /* icon_water_list.png */; };
		01CE5D7621C68BD300B2BC90 /* icon_archives_01.png in Resources */ = {isa = PBXBuildFile; fileRef = 01CE5D7121C68BD200B2BC90 /* icon_archives_01.png */; };
		01CE5D7721C68BD300B2BC90 /* icon_reservation_01.png in Resources */ = {isa = PBXBuildFile; fileRef = 01CE5D7221C68BD200B2BC90 /* icon_reservation_01.png */; };
		01CE5D7821C68BD300B2BC90 /* icon_data_statistics.png in Resources */ = {isa = PBXBuildFile; fileRef = 01CE5D7321C68BD200B2BC90 /* icon_data_statistics.png */; };
		01CE5D8121C6973000B2BC90 /* WaterListViewController.m in Sources */ = {isa = PBXBuildFile; fileRef = 01CE5D8021C6973000B2BC90 /* WaterListViewController.m */; };
		01CE5D8721C6A50A00B2BC90 /* icon_return_back@3x.png in Resources */ = {isa = PBXBuildFile; fileRef = 01CE5D8621C6A50A00B2BC90 /* icon_return_back@3x.png */; };
		01F172E021C9281C0065C987 /* SearchMberViewController.m in Sources */ = {isa = PBXBuildFile; fileRef = 01F172DF21C9281C0065C987 /* SearchMberViewController.m */; };
		01F172E321C9362A0065C987 /* MberDetailViewController.m in Sources */ = {isa = PBXBuildFile; fileRef = 01F172E221C9362A0065C987 /* MberDetailViewController.m */; };
		01F172E721C939FC0065C987 /* JournalViewController.m in Sources */ = {isa = PBXBuildFile; fileRef = 01F172E621C939FC0065C987 /* JournalViewController.m */; };
		01F172EB21C93AA10065C987 /* ReservationViewController.m in Sources */ = {isa = PBXBuildFile; fileRef = 01F172EA21C93AA10065C987 /* ReservationViewController.m */; };
		01F172EF21C93DF10065C987 /* BillingViewController.m in Sources */ = {isa = PBXBuildFile; fileRef = 01F172EE21C93DF10065C987 /* BillingViewController.m */; };
		01F172F321C93FD10065C987 /* TariffViewController.m in Sources */ = {isa = PBXBuildFile; fileRef = 01F172F221C93FD10065C987 /* TariffViewController.m */; };
		01F25C5521C16157002FAFE7 /* logo_200.png in Resources */ = {isa = PBXBuildFile; fileRef = 01F25C5421C16156002FAFE7 /* logo_200.png */; };
		01F67CEB21C2830C008255BE /* icon_password_01.png in Resources */ = {isa = PBXBuildFile; fileRef = 01F67CE921C2830C008255BE /* icon_password_01.png */; };
		01F67CEC21C2830C008255BE /* icon_username_01.png in Resources */ = {isa = PBXBuildFile; fileRef = 01F67CEA21C2830C008255BE /* icon_username_01.png */; };
		01F67CF021C2B1A8008255BE /* NetworkInterface.m in Sources */ = {isa = PBXBuildFile; fileRef = 01F67CEF21C2B1A8008255BE /* NetworkInterface.m */; };
		01F67CF821C2B61D008255BE /* ShopMD.m in Sources */ = {isa = PBXBuildFile; fileRef = 01F67CF721C2B61D008255BE /* ShopMD.m */; };
		01F67CFB21C2B858008255BE /* MJPhotoBrowser in Resources */ = {isa = PBXBuildFile; fileRef = 01F67CFA21C2B858008255BE /* MJPhotoBrowser */; };
		05FF0B6016CF4317E6D3158B /* libPods-ymlinks.a in Frameworks */ = {isa = PBXBuildFile; fileRef = A4F8BFED87CA613038EFD602 /* libPods-ymlinks.a */; };
/* End PBXBuildFile section */

/* Begin PBXContainerItemProxy section */
		0196E14121C00ADB004CB83C /* PBXContainerItemProxy */ = {
			isa = PBXContainerItemProxy;
			containerPortal = 0196E12021C00ADB004CB83C /* Project object */;
			proxyType = 1;
			remoteGlobalIDString = 0196E12721C00ADB004CB83C;
			remoteInfo = ymlinks;
		};
		0196E14C21C00ADB004CB83C /* PBXContainerItemProxy */ = {
			isa = PBXContainerItemProxy;
			containerPortal = 0196E12021C00ADB004CB83C /* Project object */;
			proxyType = 1;
			remoteGlobalIDString = 0196E12721C00ADB004CB83C;
			remoteInfo = ymlinks;
		};
/* End PBXContainerItemProxy section */

/* Begin PBXFileReference section */
		01084E1221CA75A100FADA1C /* CommodityViewController.h */ = {isa = PBXFileReference; lastKnownFileType = sourcecode.c.h; path = CommodityViewController.h; sourceTree = "<group>"; };
		01084E1321CA75A100FADA1C /* CommodityViewController.m */ = {isa = PBXFileReference; lastKnownFileType = sourcecode.c.objc; path = CommodityViewController.m; sourceTree = "<group>"; };
		01084E1521CA762100FADA1C /* PurchaseViewController.h */ = {isa = PBXFileReference; lastKnownFileType = sourcecode.c.h; path = PurchaseViewController.h; sourceTree = "<group>"; };
		01084E1621CA762100FADA1C /* PurchaseViewController.m */ = {isa = PBXFileReference; lastKnownFileType = sourcecode.c.objc; path = PurchaseViewController.m; sourceTree = "<group>"; };
		01084E1C21CA7FB200FADA1C /* TariffViewCell.h */ = {isa = PBXFileReference; lastKnownFileType = sourcecode.c.h; path = TariffViewCell.h; sourceTree = "<group>"; };
		01084E1D21CA7FB200FADA1C /* TariffViewCell.m */ = {isa = PBXFileReference; lastKnownFileType = sourcecode.c.objc; path = TariffViewCell.m; sourceTree = "<group>"; };
		011BE27321C4BC270044A70C /* NetworkManage.h */ = {isa = PBXFileReference; lastKnownFileType = sourcecode.c.h; path = NetworkManage.h; sourceTree = "<group>"; };
		011BE27421C4BC270044A70C /* NetworkManage.m */ = {isa = PBXFileReference; lastKnownFileType = sourcecode.c.objc; path = NetworkManage.m; sourceTree = "<group>"; };
		012750D621C60364000FDFDB /* NotificationName.h */ = {isa = PBXFileReference; lastKnownFileType = sourcecode.c.h; path = NotificationName.h; sourceTree = "<group>"; };
		012750D721C60397000FDFDB /* UserDefaultsKey.h */ = {isa = PBXFileReference; lastKnownFileType = sourcecode.c.h; path = UserDefaultsKey.h; sourceTree = "<group>"; };
		012750DD21C60460000FDFDB /* NSArray+Expand.h */ = {isa = PBXFileReference; lastKnownFileType = sourcecode.c.h; path = "NSArray+Expand.h"; sourceTree = "<group>"; };
		012750DE21C60460000FDFDB /* NSArray+Expand.m */ = {isa = PBXFileReference; lastKnownFileType = sourcecode.c.objc; path = "NSArray+Expand.m"; sourceTree = "<group>"; };
		012750E021C6049D000FDFDB /* NSDate+Expand.h */ = {isa = PBXFileReference; lastKnownFileType = sourcecode.c.h; path = "NSDate+Expand.h"; sourceTree = "<group>"; };
		012750E121C6049D000FDFDB /* NSDate+Expand.m */ = {isa = PBXFileReference; lastKnownFileType = sourcecode.c.objc; path = "NSDate+Expand.m"; sourceTree = "<group>"; };
		012750E321C604EE000FDFDB /* NSString+Expand.h */ = {isa = PBXFileReference; lastKnownFileType = sourcecode.c.h; path = "NSString+Expand.h"; sourceTree = "<group>"; };
		012750E421C604EE000FDFDB /* NSString+Expand.m */ = {isa = PBXFileReference; lastKnownFileType = sourcecode.c.objc; path = "NSString+Expand.m"; sourceTree = "<group>"; };
		012750E721C60555000FDFDB /* UIButton+Expand.h */ = {isa = PBXFileReference; lastKnownFileType = sourcecode.c.h; path = "UIButton+Expand.h"; sourceTree = "<group>"; };
		012750E821C60555000FDFDB /* UIButton+Expand.m */ = {isa = PBXFileReference; lastKnownFileType = sourcecode.c.objc; path = "UIButton+Expand.m"; sourceTree = "<group>"; };
		012750EA21C60592000FDFDB /* UIButton+VerificCode.h */ = {isa = PBXFileReference; lastKnownFileType = sourcecode.c.h; path = "UIButton+VerificCode.h"; sourceTree = "<group>"; };
		012750EB21C60592000FDFDB /* UIButton+VerificCode.m */ = {isa = PBXFileReference; lastKnownFileType = sourcecode.c.objc; path = "UIButton+VerificCode.m"; sourceTree = "<group>"; };
		012750ED21C605E3000FDFDB /* UIImage+Expand.h */ = {isa = PBXFileReference; lastKnownFileType = sourcecode.c.h; path = "UIImage+Expand.h"; sourceTree = "<group>"; };
		012750EE21C605E3000FDFDB /* UIImage+Expand.m */ = {isa = PBXFileReference; lastKnownFileType = sourcecode.c.objc; path = "UIImage+Expand.m"; sourceTree = "<group>"; };
		012750F021C6061C000FDFDB /* UIImageView+Expand.h */ = {isa = PBXFileReference; lastKnownFileType = sourcecode.c.h; path = "UIImageView+Expand.h"; sourceTree = "<group>"; };
		012750F121C6061C000FDFDB /* UIImageView+Expand.m */ = {isa = PBXFileReference; lastKnownFileType = sourcecode.c.objc; path = "UIImageView+Expand.m"; sourceTree = "<group>"; };
		012750F321C6064C000FDFDB /* UILabel+Expand.h */ = {isa = PBXFileReference; lastKnownFileType = sourcecode.c.h; path = "UILabel+Expand.h"; sourceTree = "<group>"; };
		012750F421C6064C000FDFDB /* UILabel+Expand.m */ = {isa = PBXFileReference; lastKnownFileType = sourcecode.c.objc; path = "UILabel+Expand.m"; sourceTree = "<group>"; };
		012750F621C6067C000FDFDB /* UITextField+Expand.h */ = {isa = PBXFileReference; lastKnownFileType = sourcecode.c.h; path = "UITextField+Expand.h"; sourceTree = "<group>"; };
		012750F721C6067C000FDFDB /* UITextField+Expand.m */ = {isa = PBXFileReference; lastKnownFileType = sourcecode.c.objc; path = "UITextField+Expand.m"; sourceTree = "<group>"; };
		012750F921C606AF000FDFDB /* UIView+Expand.h */ = {isa = PBXFileReference; lastKnownFileType = sourcecode.c.h; path = "UIView+Expand.h"; sourceTree = "<group>"; };
		012750FA21C606AF000FDFDB /* UIView+Expand.m */ = {isa = PBXFileReference; lastKnownFileType = sourcecode.c.objc; path = "UIView+Expand.m"; sourceTree = "<group>"; };
		013ADC1A21CF50A300C21336 /* BasicPopView.h */ = {isa = PBXFileReference; lastKnownFileType = sourcecode.c.h; path = BasicPopView.h; sourceTree = "<group>"; };
		013ADC1B21CF50A300C21336 /* BasicPopView.m */ = {isa = PBXFileReference; lastKnownFileType = sourcecode.c.objc; path = BasicPopView.m; sourceTree = "<group>"; };
		013ADC1F21CF517500C21336 /* DateSelectPopView.h */ = {isa = PBXFileReference; lastKnownFileType = sourcecode.c.h; path = DateSelectPopView.h; sourceTree = "<group>"; };
		013ADC2021CF517500C21336 /* DateSelectPopView.m */ = {isa = PBXFileReference; lastKnownFileType = sourcecode.c.objc; path = DateSelectPopView.m; sourceTree = "<group>"; };
		013ADC2221CF671700C21336 /* WaterListViewCell.h */ = {isa = PBXFileReference; lastKnownFileType = sourcecode.c.h; path = WaterListViewCell.h; sourceTree = "<group>"; };
		013ADC2321CF671700C21336 /* WaterListViewCell.m */ = {isa = PBXFileReference; lastKnownFileType = sourcecode.c.objc; path = WaterListViewCell.m; sourceTree = "<group>"; };
		013ADC2521CF685900C21336 /* img_border_02.png */ = {isa = PBXFileReference; lastKnownFileType = image.png; path = img_border_02.png; sourceTree = "<group>"; };
		013ADC2721CF949500C21336 /* img_tagBg_01.png */ = {isa = PBXFileReference; lastKnownFileType = image.png; path = img_tagBg_01.png; sourceTree = "<group>"; };
		013ADC2A21CFD39100C21336 /* WaterDetailViewController.h */ = {isa = PBXFileReference; lastKnownFileType = sourcecode.c.h; path = WaterDetailViewController.h; sourceTree = "<group>"; };
		013ADC2B21CFD39100C21336 /* WaterDetailViewController.m */ = {isa = PBXFileReference; lastKnownFileType = sourcecode.c.objc; path = WaterDetailViewController.m; sourceTree = "<group>"; };
		013ADC2D21CFE60D00C21336 /* WaterDetailViewCell.h */ = {isa = PBXFileReference; lastKnownFileType = sourcecode.c.h; path = WaterDetailViewCell.h; sourceTree = "<group>"; };
		013ADC2E21CFE60D00C21336 /* WaterDetailViewCell.m */ = {isa = PBXFileReference; lastKnownFileType = sourcecode.c.objc; path = WaterDetailViewCell.m; sourceTree = "<group>"; };
		0196E12821C00ADB004CB83C /* ymlinks.app */ = {isa = PBXFileReference; explicitFileType = wrapper.application; includeInIndex = 0; path = ymlinks.app; sourceTree = BUILT_PRODUCTS_DIR; };
		0196E12B21C00ADB004CB83C /* AppDelegate.h */ = {isa = PBXFileReference; lastKnownFileType = sourcecode.c.h; path = AppDelegate.h; sourceTree = "<group>"; };
		0196E12C21C00ADB004CB83C /* AppDelegate.m */ = {isa = PBXFileReference; lastKnownFileType = sourcecode.c.objc; path = AppDelegate.m; sourceTree = "<group>"; };
		0196E13421C00ADB004CB83C /* Assets.xcassets */ = {isa = PBXFileReference; lastKnownFileType = folder.assetcatalog; path = Assets.xcassets; sourceTree = "<group>"; };
		0196E13721C00ADB004CB83C /* Base */ = {isa = PBXFileReference; lastKnownFileType = file.storyboard; name = Base; path = Base.lproj/LaunchScreen.storyboard; sourceTree = "<group>"; };
		0196E13921C00ADB004CB83C /* Info.plist */ = {isa = PBXFileReference; lastKnownFileType = text.plist.xml; path = Info.plist; sourceTree = "<group>"; };
		0196E13A21C00ADB004CB83C /* main.m */ = {isa = PBXFileReference; lastKnownFileType = sourcecode.c.objc; path = main.m; sourceTree = "<group>"; };
		0196E14021C00ADB004CB83C /* ymlinksTests.xctest */ = {isa = PBXFileReference; explicitFileType = wrapper.cfbundle; includeInIndex = 0; path = ymlinksTests.xctest; sourceTree = BUILT_PRODUCTS_DIR; };
		0196E14421C00ADB004CB83C /* ymlinksTests.m */ = {isa = PBXFileReference; lastKnownFileType = sourcecode.c.objc; path = ymlinksTests.m; sourceTree = "<group>"; };
		0196E14621C00ADB004CB83C /* Info.plist */ = {isa = PBXFileReference; lastKnownFileType = text.plist.xml; path = Info.plist; sourceTree = "<group>"; };
		0196E14B21C00ADB004CB83C /* ymlinksUITests.xctest */ = {isa = PBXFileReference; explicitFileType = wrapper.cfbundle; includeInIndex = 0; path = ymlinksUITests.xctest; sourceTree = BUILT_PRODUCTS_DIR; };
		0196E14F21C00ADB004CB83C /* ymlinksUITests.m */ = {isa = PBXFileReference; lastKnownFileType = sourcecode.c.objc; path = ymlinksUITests.m; sourceTree = "<group>"; };
		0196E15121C00ADB004CB83C /* Info.plist */ = {isa = PBXFileReference; lastKnownFileType = text.plist.xml; path = Info.plist; sourceTree = "<group>"; };
		0196E16421C00DFA004CB83C /* Base */ = {isa = PBXFileReference; lastKnownFileType = file.storyboard; name = Base; path = Base.lproj/Main.storyboard; sourceTree = "<group>"; };
		0196E16A21C0107F004CB83C /* img_login_element.png */ = {isa = PBXFileReference; lastKnownFileType = image.png; path = img_login_element.png; sourceTree = "<group>"; };
		01CE5D5A21C6308500B2BC90 /* YMSuperViewController.h */ = {isa = PBXFileReference; lastKnownFileType = sourcecode.c.h; path = YMSuperViewController.h; sourceTree = "<group>"; };
		01CE5D5B21C6308500B2BC90 /* YMSuperViewController.m */ = {isa = PBXFileReference; lastKnownFileType = sourcecode.c.objc; path = YMSuperViewController.m; sourceTree = "<group>"; };
		01CE5D5F21C64F7700B2BC90 /* LoginViewController.h */ = {isa = PBXFileReference; lastKnownFileType = sourcecode.c.h; path = LoginViewController.h; sourceTree = "<group>"; };
		01CE5D6021C64F7700B2BC90 /* LoginViewController.m */ = {isa = PBXFileReference; lastKnownFileType = sourcecode.c.objc; path = LoginViewController.m; sourceTree = "<group>"; };
		01CE5D6321C651E500B2BC90 /* HomeViewController.h */ = {isa = PBXFileReference; lastKnownFileType = sourcecode.c.h; path = HomeViewController.h; sourceTree = "<group>"; };
		01CE5D6421C651E500B2BC90 /* HomeViewController.m */ = {isa = PBXFileReference; lastKnownFileType = sourcecode.c.objc; path = HomeViewController.m; sourceTree = "<group>"; };
		01CE5D6621C6690200B2BC90 /* NavigationController.h */ = {isa = PBXFileReference; lastKnownFileType = sourcecode.c.h; path = NavigationController.h; sourceTree = "<group>"; };
		01CE5D6721C6690200B2BC90 /* NavigationController.m */ = {isa = PBXFileReference; lastKnownFileType = sourcecode.c.objc; path = NavigationController.m; sourceTree = "<group>"; };
		01CE5D6921C66A6E00B2BC90 /* icon_bg_01.png */ = {isa = PBXFileReference; lastKnownFileType = image.png; path = icon_bg_01.png; sourceTree = "<group>"; };
		01CE5D6B21C6762A00B2BC90 /* icon_search_01.png */ = {isa = PBXFileReference; lastKnownFileType = image.png; path = icon_search_01.png; sourceTree = "<group>"; };
		01CE5D6F21C68BD100B2BC90 /* icon_price_list.png */ = {isa = PBXFileReference; lastKnownFileType = image.png; path = icon_price_list.png; sourceTree = "<group>"; };
		01CE5D7021C68BD200B2BC90 /* icon_water_list.png */ = {isa = PBXFileReference; lastKnownFileType = image.png; path = icon_water_list.png; sourceTree = "<group>"; };
		01CE5D7121C68BD200B2BC90 /* icon_archives_01.png */ = {isa = PBXFileReference; lastKnownFileType = image.png; path = icon_archives_01.png; sourceTree = "<group>"; };
		01CE5D7221C68BD200B2BC90 /* icon_reservation_01.png */ = {isa = PBXFileReference; lastKnownFileType = image.png; path = icon_reservation_01.png; sourceTree = "<group>"; };
		01CE5D7321C68BD200B2BC90 /* icon_data_statistics.png */ = {isa = PBXFileReference; lastKnownFileType = image.png; path = icon_data_statistics.png; sourceTree = "<group>"; };
		01CE5D7F21C6973000B2BC90 /* WaterListViewController.h */ = {isa = PBXFileReference; lastKnownFileType = sourcecode.c.h; path = WaterListViewController.h; sourceTree = "<group>"; };
		01CE5D8021C6973000B2BC90 /* WaterListViewController.m */ = {isa = PBXFileReference; lastKnownFileType = sourcecode.c.objc; path = WaterListViewController.m; sourceTree = "<group>"; };
		01CE5D8621C6A50A00B2BC90 /* icon_return_back@3x.png */ = {isa = PBXFileReference; lastKnownFileType = image.png; path = "icon_return_back@3x.png"; sourceTree = "<group>"; };
		01F172DE21C9281C0065C987 /* SearchMberViewController.h */ = {isa = PBXFileReference; lastKnownFileType = sourcecode.c.h; path = SearchMberViewController.h; sourceTree = "<group>"; };
		01F172DF21C9281C0065C987 /* SearchMberViewController.m */ = {isa = PBXFileReference; lastKnownFileType = sourcecode.c.objc; path = SearchMberViewController.m; sourceTree = "<group>"; };
		01F172E121C9362A0065C987 /* MberDetailViewController.h */ = {isa = PBXFileReference; lastKnownFileType = sourcecode.c.h; path = MberDetailViewController.h; sourceTree = "<group>"; };
		01F172E221C9362A0065C987 /* MberDetailViewController.m */ = {isa = PBXFileReference; lastKnownFileType = sourcecode.c.objc; path = MberDetailViewController.m; sourceTree = "<group>"; };
		01F172E521C939FC0065C987 /* JournalViewController.h */ = {isa = PBXFileReference; lastKnownFileType = sourcecode.c.h; path = JournalViewController.h; sourceTree = "<group>"; };
		01F172E621C939FC0065C987 /* JournalViewController.m */ = {isa = PBXFileReference; lastKnownFileType = sourcecode.c.objc; path = JournalViewController.m; sourceTree = "<group>"; };
		01F172E921C93AA10065C987 /* ReservationViewController.h */ = {isa = PBXFileReference; lastKnownFileType = sourcecode.c.h; path = ReservationViewController.h; sourceTree = "<group>"; };
		01F172EA21C93AA10065C987 /* ReservationViewController.m */ = {isa = PBXFileReference; lastKnownFileType = sourcecode.c.objc; path = ReservationViewController.m; sourceTree = "<group>"; };
		01F172ED21C93DF10065C987 /* BillingViewController.h */ = {isa = PBXFileReference; lastKnownFileType = sourcecode.c.h; path = BillingViewController.h; sourceTree = "<group>"; };
		01F172EE21C93DF10065C987 /* BillingViewController.m */ = {isa = PBXFileReference; lastKnownFileType = sourcecode.c.objc; path = BillingViewController.m; sourceTree = "<group>"; };
		01F172F121C93FD10065C987 /* TariffViewController.h */ = {isa = PBXFileReference; lastKnownFileType = sourcecode.c.h; path = TariffViewController.h; sourceTree = "<group>"; };
		01F172F221C93FD10065C987 /* TariffViewController.m */ = {isa = PBXFileReference; lastKnownFileType = sourcecode.c.objc; path = TariffViewController.m; sourceTree = "<group>"; };
		01F25C5421C16156002FAFE7 /* logo_200.png */ = {isa = PBXFileReference; lastKnownFileType = image.png; path = logo_200.png; sourceTree = "<group>"; };
		01F67CE921C2830C008255BE /* icon_password_01.png */ = {isa = PBXFileReference; lastKnownFileType = image.png; path = icon_password_01.png; sourceTree = "<group>"; };
		01F67CEA21C2830C008255BE /* icon_username_01.png */ = {isa = PBXFileReference; lastKnownFileType = image.png; path = icon_username_01.png; sourceTree = "<group>"; };
		01F67CEE21C2B1A8008255BE /* NetworkInterface.h */ = {isa = PBXFileReference; lastKnownFileType = sourcecode.c.h; path = NetworkInterface.h; sourceTree = "<group>"; };
		01F67CEF21C2B1A8008255BE /* NetworkInterface.m */ = {isa = PBXFileReference; lastKnownFileType = sourcecode.c.objc; path = NetworkInterface.m; sourceTree = "<group>"; };
		01F67CF321C2B3AD008255BE /* PrefixHeader.pch */ = {isa = PBXFileReference; lastKnownFileType = sourcecode.c.h; path = PrefixHeader.pch; sourceTree = "<group>"; };
		01F67CF421C2B58F008255BE /* GlobalVariable.h */ = {isa = PBXFileReference; lastKnownFileType = sourcecode.c.h; path = GlobalVariable.h; sourceTree = "<group>"; };
		01F67CF621C2B61D008255BE /* ShopMD.h */ = {isa = PBXFileReference; lastKnownFileType = sourcecode.c.h; path = ShopMD.h; sourceTree = "<group>"; };
		01F67CF721C2B61D008255BE /* ShopMD.m */ = {isa = PBXFileReference; lastKnownFileType = sourcecode.c.objc; path = ShopMD.m; sourceTree = "<group>"; };
		01F67CFA21C2B858008255BE /* MJPhotoBrowser */ = {isa = PBXFileReference; lastKnownFileType = folder; path = MJPhotoBrowser; sourceTree = "<group>"; };
		A4F8BFED87CA613038EFD602 /* libPods-ymlinks.a */ = {isa = PBXFileReference; explicitFileType = archive.ar; includeInIndex = 0; path = "libPods-ymlinks.a"; sourceTree = BUILT_PRODUCTS_DIR; };
		A834F11F154D8BC835355D68 /* Pods-ymlinks.debug.xcconfig */ = {isa = PBXFileReference; includeInIndex = 1; lastKnownFileType = text.xcconfig; name = "Pods-ymlinks.debug.xcconfig"; path = "Pods/Target Support Files/Pods-ymlinks/Pods-ymlinks.debug.xcconfig"; sourceTree = "<group>"; };
		AE0C5CF40097AB00BD445EE1 /* Pods-ymlinks.release.xcconfig */ = {isa = PBXFileReference; includeInIndex = 1; lastKnownFileType = text.xcconfig; name = "Pods-ymlinks.release.xcconfig"; path = "Pods/Target Support Files/Pods-ymlinks/Pods-ymlinks.release.xcconfig"; sourceTree = "<group>"; };
/* End PBXFileReference section */

/* Begin PBXFrameworksBuildPhase section */
		0196E12521C00ADB004CB83C /* Frameworks */ = {
			isa = PBXFrameworksBuildPhase;
			buildActionMask = 2147483647;
			files = (
				05FF0B6016CF4317E6D3158B /* libPods-ymlinks.a in Frameworks */,
			);
			runOnlyForDeploymentPostprocessing = 0;
		};
		0196E13D21C00ADB004CB83C /* Frameworks */ = {
			isa = PBXFrameworksBuildPhase;
			buildActionMask = 2147483647;
			files = (
			);
			runOnlyForDeploymentPostprocessing = 0;
		};
		0196E14821C00ADB004CB83C /* Frameworks */ = {
			isa = PBXFrameworksBuildPhase;
			buildActionMask = 2147483647;
			files = (
			);
			runOnlyForDeploymentPostprocessing = 0;
		};
/* End PBXFrameworksBuildPhase section */

/* Begin PBXGroup section */
		01084E1821CA7F4A00FADA1C /* Cell */ = {
			isa = PBXGroup;
			children = (
				01084E1C21CA7FB200FADA1C /* TariffViewCell.h */,
				01084E1D21CA7FB200FADA1C /* TariffViewCell.m */,
			);
			path = Cell;
			sourceTree = "<group>";
		};
		012750D821C603EE000FDFDB /* ExpandCategory */ = {
			isa = PBXGroup;
			children = (
				012750E621C60530000FDFDB /* UIExpand */,
				012750D921C603FD000FDFDB /* NSExpand */,
			);
			path = ExpandCategory;
			sourceTree = "<group>";
		};
		012750D921C603FD000FDFDB /* NSExpand */ = {
			isa = PBXGroup;
			children = (
				012750DD21C60460000FDFDB /* NSArray+Expand.h */,
				012750DE21C60460000FDFDB /* NSArray+Expand.m */,
				012750E021C6049D000FDFDB /* NSDate+Expand.h */,
				012750E121C6049D000FDFDB /* NSDate+Expand.m */,
				012750E321C604EE000FDFDB /* NSString+Expand.h */,
				012750E421C604EE000FDFDB /* NSString+Expand.m */,
			);
			path = NSExpand;
			sourceTree = "<group>";
		};
		012750E621C60530000FDFDB /* UIExpand */ = {
			isa = PBXGroup;
			children = (
				012750E721C60555000FDFDB /* UIButton+Expand.h */,
				012750E821C60555000FDFDB /* UIButton+Expand.m */,
				012750EA21C60592000FDFDB /* UIButton+VerificCode.h */,
				012750EB21C60592000FDFDB /* UIButton+VerificCode.m */,
				012750ED21C605E3000FDFDB /* UIImage+Expand.h */,
				012750EE21C605E3000FDFDB /* UIImage+Expand.m */,
				012750F021C6061C000FDFDB /* UIImageView+Expand.h */,
				012750F121C6061C000FDFDB /* UIImageView+Expand.m */,
				012750F321C6064C000FDFDB /* UILabel+Expand.h */,
				012750F421C6064C000FDFDB /* UILabel+Expand.m */,
				012750F621C6067C000FDFDB /* UITextField+Expand.h */,
				012750F721C6067C000FDFDB /* UITextField+Expand.m */,
				012750F921C606AF000FDFDB /* UIView+Expand.h */,
				012750FA21C606AF000FDFDB /* UIView+Expand.m */,
			);
			path = UIExpand;
			sourceTree = "<group>";
		};
		013ADC1921CF504E00C21336 /* Basic */ = {
			isa = PBXGroup;
			children = (
				013ADC1A21CF50A300C21336 /* BasicPopView.h */,
				013ADC1B21CF50A300C21336 /* BasicPopView.m */,
			);
			path = Basic;
			sourceTree = "<group>";
		};
		013ADC1D21CF513100C21336 /* ReuseView */ = {
			isa = PBXGroup;
			children = (
				013ADC1E21CF514900C21336 /* PopView */,
			);
			path = ReuseView;
			sourceTree = "<group>";
		};
		013ADC1E21CF514900C21336 /* PopView */ = {
			isa = PBXGroup;
			children = (
				013ADC1F21CF517500C21336 /* DateSelectPopView.h */,
				013ADC2021CF517500C21336 /* DateSelectPopView.m */,
			);
			path = PopView;
			sourceTree = "<group>";
		};
		013ADC2921CF949900C21336 /* waterList */ = {
			isa = PBXGroup;
			children = (
				013ADC2521CF685900C21336 /* img_border_02.png */,
				013ADC2721CF949500C21336 /* img_tagBg_01.png */,
			);
			path = waterList;
			sourceTree = "<group>";
		};
		0196E11F21C00ADB004CB83C = {
			isa = PBXGroup;
			children = (
				0196E12A21C00ADB004CB83C /* ymlinks */,
				0196E14321C00ADB004CB83C /* ymlinksTests */,
				0196E14E21C00ADB004CB83C /* ymlinksUITests */,
				0196E12921C00ADB004CB83C /* Products */,
				C53AFBD66F977E36DA1C511E /* Pods */,
				D9BC6AD1003FA385D6C342E5 /* Frameworks */,
			);
			sourceTree = "<group>";
		};
		0196E12921C00ADB004CB83C /* Products */ = {
			isa = PBXGroup;
			children = (
				0196E12821C00ADB004CB83C /* ymlinks.app */,
				0196E14021C00ADB004CB83C /* ymlinksTests.xctest */,
				0196E14B21C00ADB004CB83C /* ymlinksUITests.xctest */,
			);
			name = Products;
			sourceTree = "<group>";
		};
		0196E12A21C00ADB004CB83C /* ymlinks */ = {
			isa = PBXGroup;
			children = (
				01CE5D5D21C64F1B00B2BC90 /* New Group */,
				01F67CF921C2B83F008255BE /* Libs */,
				01F67CF521C2B603008255BE /* Model */,
				01F67CF121C2B22D008255BE /* Utility */,
				01F67CED21C2B160008255BE /* NetworkManage */,
				0196E16921C01036004CB83C /* images */,
				013ADC1921CF504E00C21336 /* Basic */,
				0196E12B21C00ADB004CB83C /* AppDelegate.h */,
				0196E12C21C00ADB004CB83C /* AppDelegate.m */,
				01CE5D5A21C6308500B2BC90 /* YMSuperViewController.h */,
				01CE5D5B21C6308500B2BC90 /* YMSuperViewController.m */,
				0196E16321C00DFA004CB83C /* Main.storyboard */,
				0196E13421C00ADB004CB83C /* Assets.xcassets */,
				0196E13621C00ADB004CB83C /* LaunchScreen.storyboard */,
				0196E13921C00ADB004CB83C /* Info.plist */,
				0196E13A21C00ADB004CB83C /* main.m */,
			);
			path = ymlinks;
			sourceTree = "<group>";
		};
		0196E14321C00ADB004CB83C /* ymlinksTests */ = {
			isa = PBXGroup;
			children = (
				0196E14421C00ADB004CB83C /* ymlinksTests.m */,
				0196E14621C00ADB004CB83C /* Info.plist */,
			);
			path = ymlinksTests;
			sourceTree = "<group>";
		};
		0196E14E21C00ADB004CB83C /* ymlinksUITests */ = {
			isa = PBXGroup;
			children = (
				0196E14F21C00ADB004CB83C /* ymlinksUITests.m */,
				0196E15121C00ADB004CB83C /* Info.plist */,
			);
			path = ymlinksUITests;
			sourceTree = "<group>";
		};
		0196E16921C01036004CB83C /* images */ = {
			isa = PBXGroup;
			children = (
				01CE5D8621C6A50A00B2BC90 /* icon_return_back@3x.png */,
				01CE5D6E21C68BB300B2BC90 /* login */,
				01CE5D6D21C68BA700B2BC90 /* home */,
				013ADC2921CF949900C21336 /* waterList */,
			);
			path = images;
			sourceTree = "<group>";
		};
		01CE5D5D21C64F1B00B2BC90 /* New Group */ = {
			isa = PBXGroup;
			children = (
				01CE5D5E21C64F5200B2BC90 /* Login */,
				01CE5D6221C651CC00B2BC90 /* Home */,
				01F172EC21C93DCE0065C987 /* Billing */,
				01CE5D7B21C696D600B2BC90 /* waterList */,
				01F172DD21C927D20065C987 /* Member */,
				01F172E421C939EB0065C987 /* Journal */,
				01F172E821C93A7C0065C987 /* Reservation */,
				01F172F021C93FB70065C987 /* Tariff */,
			);
			path = "New Group";
			sourceTree = "<group>";
		};
		01CE5D5E21C64F5200B2BC90 /* Login */ = {
			isa = PBXGroup;
			children = (
				01CE5D5F21C64F7700B2BC90 /* LoginViewController.h */,
				01CE5D6021C64F7700B2BC90 /* LoginViewController.m */,
			);
			path = Login;
			sourceTree = "<group>";
		};
		01CE5D6221C651CC00B2BC90 /* Home */ = {
			isa = PBXGroup;
			children = (
				01CE5D6621C6690200B2BC90 /* NavigationController.h */,
				01CE5D6721C6690200B2BC90 /* NavigationController.m */,
				01CE5D6321C651E500B2BC90 /* HomeViewController.h */,
				01CE5D6421C651E500B2BC90 /* HomeViewController.m */,
			);
			path = Home;
			sourceTree = "<group>";
		};
		01CE5D6D21C68BA700B2BC90 /* home */ = {
			isa = PBXGroup;
			children = (
				01CE5D6921C66A6E00B2BC90 /* icon_bg_01.png */,
				01CE5D6B21C6762A00B2BC90 /* icon_search_01.png */,
				01CE5D7121C68BD200B2BC90 /* icon_archives_01.png */,
				01CE5D7321C68BD200B2BC90 /* icon_data_statistics.png */,
				01CE5D6F21C68BD100B2BC90 /* icon_price_list.png */,
				01CE5D7221C68BD200B2BC90 /* icon_reservation_01.png */,
				01CE5D7021C68BD200B2BC90 /* icon_water_list.png */,
			);
			path = home;
			sourceTree = "<group>";
		};
		01CE5D6E21C68BB300B2BC90 /* login */ = {
			isa = PBXGroup;
			children = (
				01F67CE921C2830C008255BE /* icon_password_01.png */,
				01F67CEA21C2830C008255BE /* icon_username_01.png */,
				01F25C5421C16156002FAFE7 /* logo_200.png */,
				0196E16A21C0107F004CB83C /* img_login_element.png */,
			);
			path = login;
			sourceTree = "<group>";
		};
		01CE5D7B21C696D600B2BC90 /* waterList */ = {
			isa = PBXGroup;
			children = (
				01CE5D8821C6A5EB00B2BC90 /* Cell */,
				01CE5D7F21C6973000B2BC90 /* WaterListViewController.h */,
				01CE5D8021C6973000B2BC90 /* WaterListViewController.m */,
				013ADC2A21CFD39100C21336 /* WaterDetailViewController.h */,
				013ADC2B21CFD39100C21336 /* WaterDetailViewController.m */,
			);
			path = waterList;
			sourceTree = "<group>";
		};
		01CE5D8821C6A5EB00B2BC90 /* Cell */ = {
			isa = PBXGroup;
			children = (
				013ADC2221CF671700C21336 /* WaterListViewCell.h */,
				013ADC2321CF671700C21336 /* WaterListViewCell.m */,
				013ADC2D21CFE60D00C21336 /* WaterDetailViewCell.h */,
				013ADC2E21CFE60D00C21336 /* WaterDetailViewCell.m */,
			);
			path = Cell;
			sourceTree = "<group>";
		};
		01F172DD21C927D20065C987 /* Member */ = {
			isa = PBXGroup;
			children = (
				01F172DE21C9281C0065C987 /* SearchMberViewController.h */,
				01F172DF21C9281C0065C987 /* SearchMberViewController.m */,
				01F172E121C9362A0065C987 /* MberDetailViewController.h */,
				01F172E221C9362A0065C987 /* MberDetailViewController.m */,
			);
			path = Member;
			sourceTree = "<group>";
		};
		01F172E421C939EB0065C987 /* Journal */ = {
			isa = PBXGroup;
			children = (
				01F172E521C939FC0065C987 /* JournalViewController.h */,
				01F172E621C939FC0065C987 /* JournalViewController.m */,
			);
			path = Journal;
			sourceTree = "<group>";
		};
		01F172E821C93A7C0065C987 /* Reservation */ = {
			isa = PBXGroup;
			children = (
				01F172E921C93AA10065C987 /* ReservationViewController.h */,
				01F172EA21C93AA10065C987 /* ReservationViewController.m */,
			);
			path = Reservation;
			sourceTree = "<group>";
		};
		01F172EC21C93DCE0065C987 /* Billing */ = {
			isa = PBXGroup;
			children = (
				01F172ED21C93DF10065C987 /* BillingViewController.h */,
				01F172EE21C93DF10065C987 /* BillingViewController.m */,
			);
			path = Billing;
			sourceTree = "<group>";
		};
		01F172F021C93FB70065C987 /* Tariff */ = {
			isa = PBXGroup;
			children = (
				01084E1821CA7F4A00FADA1C /* Cell */,
				01F172F121C93FD10065C987 /* TariffViewController.h */,
				01F172F221C93FD10065C987 /* TariffViewController.m */,
				01084E1221CA75A100FADA1C /* CommodityViewController.h */,
				01084E1321CA75A100FADA1C /* CommodityViewController.m */,
				01084E1521CA762100FADA1C /* PurchaseViewController.h */,
				01084E1621CA762100FADA1C /* PurchaseViewController.m */,
			);
			path = Tariff;
			sourceTree = "<group>";
		};
		01F67CED21C2B160008255BE /* NetworkManage */ = {
			isa = PBXGroup;
			children = (
				01F67CEE21C2B1A8008255BE /* NetworkInterface.h */,
				01F67CEF21C2B1A8008255BE /* NetworkInterface.m */,
				011BE27321C4BC270044A70C /* NetworkManage.h */,
				011BE27421C4BC270044A70C /* NetworkManage.m */,
			);
			path = NetworkManage;
			sourceTree = "<group>";
		};
		01F67CF121C2B22D008255BE /* Utility */ = {
			isa = PBXGroup;
			children = (
				013ADC1D21CF513100C21336 /* ReuseView */,
				012750D821C603EE000FDFDB /* ExpandCategory */,
				01F67CF321C2B3AD008255BE /* PrefixHeader.pch */,
				012750D721C60397000FDFDB /* UserDefaultsKey.h */,
				01F67CF421C2B58F008255BE /* GlobalVariable.h */,
				012750D621C60364000FDFDB /* NotificationName.h */,
			);
			path = Utility;
			sourceTree = "<group>";
		};
		01F67CF521C2B603008255BE /* Model */ = {
			isa = PBXGroup;
			children = (
				01F67CF621C2B61D008255BE /* ShopMD.h */,
				01F67CF721C2B61D008255BE /* ShopMD.m */,
			);
			path = Model;
			sourceTree = "<group>";
		};
		01F67CF921C2B83F008255BE /* Libs */ = {
			isa = PBXGroup;
			children = (
				01F67CFA21C2B858008255BE /* MJPhotoBrowser */,
			);
			path = Libs;
			sourceTree = "<group>";
		};
		C53AFBD66F977E36DA1C511E /* Pods */ = {
			isa = PBXGroup;
			children = (
				A834F11F154D8BC835355D68 /* Pods-ymlinks.debug.xcconfig */,
				AE0C5CF40097AB00BD445EE1 /* Pods-ymlinks.release.xcconfig */,
			);
			name = Pods;
			sourceTree = "<group>";
		};
		D9BC6AD1003FA385D6C342E5 /* Frameworks */ = {
			isa = PBXGroup;
			children = (
				A4F8BFED87CA613038EFD602 /* libPods-ymlinks.a */,
			);
			name = Frameworks;
			sourceTree = "<group>";
		};
/* End PBXGroup section */

/* Begin PBXNativeTarget section */
		0196E12721C00ADB004CB83C /* ymlinks */ = {
			isa = PBXNativeTarget;
			buildConfigurationList = 0196E15421C00ADB004CB83C /* Build configuration list for PBXNativeTarget "ymlinks" */;
			buildPhases = (
				C7F83629E719926734B2D58E /* [CP] Check Pods Manifest.lock */,
				0196E12421C00ADB004CB83C /* Sources */,
				0196E12521C00ADB004CB83C /* Frameworks */,
				0196E12621C00ADB004CB83C /* Resources */,
				B47AE643F85C0DBB46860B01 /* [CP] Copy Pods Resources */,
			);
			buildRules = (
			);
			dependencies = (
			);
			name = ymlinks;
			productName = ymlinks;
			productReference = 0196E12821C00ADB004CB83C /* ymlinks.app */;
			productType = "com.apple.product-type.application";
		};
		0196E13F21C00ADB004CB83C /* ymlinksTests */ = {
			isa = PBXNativeTarget;
			buildConfigurationList = 0196E15721C00ADB004CB83C /* Build configuration list for PBXNativeTarget "ymlinksTests" */;
			buildPhases = (
				0196E13C21C00ADB004CB83C /* Sources */,
				0196E13D21C00ADB004CB83C /* Frameworks */,
				0196E13E21C00ADB004CB83C /* Resources */,
			);
			buildRules = (
			);
			dependencies = (
				0196E14221C00ADB004CB83C /* PBXTargetDependency */,
			);
			name = ymlinksTests;
			productName = ymlinksTests;
			productReference = 0196E14021C00ADB004CB83C /* ymlinksTests.xctest */;
			productType = "com.apple.product-type.bundle.unit-test";
		};
		0196E14A21C00ADB004CB83C /* ymlinksUITests */ = {
			isa = PBXNativeTarget;
			buildConfigurationList = 0196E15A21C00ADB004CB83C /* Build configuration list for PBXNativeTarget "ymlinksUITests" */;
			buildPhases = (
				0196E14721C00ADB004CB83C /* Sources */,
				0196E14821C00ADB004CB83C /* Frameworks */,
				0196E14921C00ADB004CB83C /* Resources */,
			);
			buildRules = (
			);
			dependencies = (
				0196E14D21C00ADB004CB83C /* PBXTargetDependency */,
			);
			name = ymlinksUITests;
			productName = ymlinksUITests;
			productReference = 0196E14B21C00ADB004CB83C /* ymlinksUITests.xctest */;
			productType = "com.apple.product-type.bundle.ui-testing";
		};
/* End PBXNativeTarget section */

/* Begin PBXProject section */
		0196E12021C00ADB004CB83C /* Project object */ = {
			isa = PBXProject;
			attributes = {
				LastUpgradeCheck = 0920;
				ORGANIZATIONNAME = ym;
				TargetAttributes = {
					0196E12721C00ADB004CB83C = {
						CreatedOnToolsVersion = 9.2;
						ProvisioningStyle = Automatic;
					};
					0196E13F21C00ADB004CB83C = {
						CreatedOnToolsVersion = 9.2;
						ProvisioningStyle = Automatic;
						TestTargetID = 0196E12721C00ADB004CB83C;
					};
					0196E14A21C00ADB004CB83C = {
						CreatedOnToolsVersion = 9.2;
						ProvisioningStyle = Automatic;
						TestTargetID = 0196E12721C00ADB004CB83C;
					};
				};
			};
			buildConfigurationList = 0196E12321C00ADB004CB83C /* Build configuration list for PBXProject "ymlinks" */;
			compatibilityVersion = "Xcode 8.0";
			developmentRegion = en;
			hasScannedForEncodings = 0;
			knownRegions = (
				en,
				Base,
			);
			mainGroup = 0196E11F21C00ADB004CB83C;
			productRefGroup = 0196E12921C00ADB004CB83C /* Products */;
			projectDirPath = "";
			projectRoot = "";
			targets = (
				0196E12721C00ADB004CB83C /* ymlinks */,
				0196E13F21C00ADB004CB83C /* ymlinksTests */,
				0196E14A21C00ADB004CB83C /* ymlinksUITests */,
			);
		};
/* End PBXProject section */

/* Begin PBXResourcesBuildPhase section */
		0196E12621C00ADB004CB83C /* Resources */ = {
			isa = PBXResourcesBuildPhase;
			buildActionMask = 2147483647;
			files = (
				01F67CEB21C2830C008255BE /* icon_password_01.png in Resources */,
				0196E16B21C0107F004CB83C /* img_login_element.png in Resources */,
				0196E13821C00ADB004CB83C /* LaunchScreen.storyboard in Resources */,
				01F67CFB21C2B858008255BE /* MJPhotoBrowser in Resources */,
				01CE5D7521C68BD300B2BC90 /* icon_water_list.png in Resources */,
				0196E13521C00ADB004CB83C /* Assets.xcassets in Resources */,
				013ADC2621CF685A00C21336 /* img_border_02.png in Resources */,
				0196E16721C00DFA004CB83C /* Main.storyboard in Resources */,
				01F25C5521C16157002FAFE7 /* logo_200.png in Resources */,
				01CE5D6C21C6762A00B2BC90 /* icon_search_01.png in Resources */,
				01CE5D7821C68BD300B2BC90 /* icon_data_statistics.png in Resources */,
				01CE5D6A21C66A6E00B2BC90 /* icon_bg_01.png in Resources */,
				01F67CEC21C2830C008255BE /* icon_username_01.png in Resources */,
				01CE5D7621C68BD300B2BC90 /* icon_archives_01.png in Resources */,
				01CE5D7721C68BD300B2BC90 /* icon_reservation_01.png in Resources */,
				01CE5D8721C6A50A00B2BC90 /* icon_return_back@3x.png in Resources */,
				013ADC2821CF949500C21336 /* img_tagBg_01.png in Resources */,
				01CE5D7421C68BD300B2BC90 /* icon_price_list.png in Resources */,
			);
			runOnlyForDeploymentPostprocessing = 0;
		};
		0196E13E21C00ADB004CB83C /* Resources */ = {
			isa = PBXResourcesBuildPhase;
			buildActionMask = 2147483647;
			files = (
			);
			runOnlyForDeploymentPostprocessing = 0;
		};
		0196E14921C00ADB004CB83C /* Resources */ = {
			isa = PBXResourcesBuildPhase;
			buildActionMask = 2147483647;
			files = (
			);
			runOnlyForDeploymentPostprocessing = 0;
		};
/* End PBXResourcesBuildPhase section */

/* Begin PBXShellScriptBuildPhase section */
		B47AE643F85C0DBB46860B01 /* [CP] Copy Pods Resources */ = {
			isa = PBXShellScriptBuildPhase;
			buildActionMask = 2147483647;
			files = (
			);
			inputPaths = (
				"${SRCROOT}/Pods/Target Support Files/Pods-ymlinks/Pods-ymlinks-resources.sh",
				"${PODS_ROOT}/MJRefresh/MJRefresh/MJRefresh.bundle",
				"${PODS_ROOT}/SSKeychain/Support/SSKeychain.bundle",
			);
			name = "[CP] Copy Pods Resources";
			outputPaths = (
				"${TARGET_BUILD_DIR}/${UNLOCALIZED_RESOURCES_FOLDER_PATH}/MJRefresh.bundle",
				"${TARGET_BUILD_DIR}/${UNLOCALIZED_RESOURCES_FOLDER_PATH}/SSKeychain.bundle",
			);
			runOnlyForDeploymentPostprocessing = 0;
			shellPath = /bin/sh;
			shellScript = "\"${SRCROOT}/Pods/Target Support Files/Pods-ymlinks/Pods-ymlinks-resources.sh\"\n";
			showEnvVarsInLog = 0;
		};
		C7F83629E719926734B2D58E /* [CP] Check Pods Manifest.lock */ = {
			isa = PBXShellScriptBuildPhase;
			buildActionMask = 2147483647;
			files = (
			);
			inputPaths = (
				"${PODS_PODFILE_DIR_PATH}/Podfile.lock",
				"${PODS_ROOT}/Manifest.lock",
			);
			name = "[CP] Check Pods Manifest.lock";
			outputPaths = (
				"$(DERIVED_FILE_DIR)/Pods-ymlinks-checkManifestLockResult.txt",
			);
			runOnlyForDeploymentPostprocessing = 0;
			shellPath = /bin/sh;
			shellScript = "diff \"${PODS_PODFILE_DIR_PATH}/Podfile.lock\" \"${PODS_ROOT}/Manifest.lock\" > /dev/null\nif [ $? != 0 ] ; then\n    # print error to STDERR\n    echo \"error: The sandbox is not in sync with the Podfile.lock. Run 'pod install' or update your CocoaPods installation.\" >&2\n    exit 1\nfi\n# This output is used by Xcode 'outputs' to avoid re-running this script phase.\necho \"SUCCESS\" > \"${SCRIPT_OUTPUT_FILE_0}\"\n";
			showEnvVarsInLog = 0;
		};
/* End PBXShellScriptBuildPhase section */

/* Begin PBXSourcesBuildPhase section */
		0196E12421C00ADB004CB83C /* Sources */ = {
			isa = PBXSourcesBuildPhase;
			buildActionMask = 2147483647;
			files = (
				01F67CF021C2B1A8008255BE /* NetworkInterface.m in Sources */,
				01F67CF821C2B61D008255BE /* ShopMD.m in Sources */,
				01084E1F21CA7FB200FADA1C /* TariffViewCell.m in Sources */,
				01CE5D6821C6690200B2BC90 /* NavigationController.m in Sources */,
				013ADC2121CF517500C21336 /* DateSelectPopView.m in Sources */,
				012750F821C6067C000FDFDB /* UITextField+Expand.m in Sources */,
				012750E921C60555000FDFDB /* UIButton+Expand.m in Sources */,
				011BE27521C4BC270044A70C /* NetworkManage.m in Sources */,
				013ADC2421CF671700C21336 /* WaterListViewCell.m in Sources */,
				01F172E021C9281C0065C987 /* SearchMberViewController.m in Sources */,
				01F172EB21C93AA10065C987 /* ReservationViewController.m in Sources */,
				01CE5D6521C651E500B2BC90 /* HomeViewController.m in Sources */,
				01084E1721CA762100FADA1C /* PurchaseViewController.m in Sources */,
				012750E221C6049D000FDFDB /* NSDate+Expand.m in Sources */,
				01084E1421CA75A100FADA1C /* CommodityViewController.m in Sources */,
				013ADC1C21CF50A300C21336 /* BasicPopView.m in Sources */,
				01F172F321C93FD10065C987 /* TariffViewController.m in Sources */,
				012750F521C6064C000FDFDB /* UILabel+Expand.m in Sources */,
				01CE5D5C21C6308500B2BC90 /* YMSuperViewController.m in Sources */,
				012750E521C604EE000FDFDB /* NSString+Expand.m in Sources */,
				012750F221C6061C000FDFDB /* UIImageView+Expand.m in Sources */,
				01F172E721C939FC0065C987 /* JournalViewController.m in Sources */,
				0196E13B21C00ADB004CB83C /* main.m in Sources */,
				012750DF21C60460000FDFDB /* NSArray+Expand.m in Sources */,
				01F172E321C9362A0065C987 /* MberDetailViewController.m in Sources */,
				013ADC2F21CFE60D00C21336 /* WaterDetailViewCell.m in Sources */,
				01CE5D8121C6973000B2BC90 /* WaterListViewController.m in Sources */,
				013ADC2C21CFD39100C21336 /* WaterDetailViewController.m in Sources */,
				012750EC21C60592000FDFDB /* UIButton+VerificCode.m in Sources */,
				01CE5D6121C64F7700B2BC90 /* LoginViewController.m in Sources */,
				0196E12D21C00ADB004CB83C /* AppDelegate.m in Sources */,
				012750FB21C606AF000FDFDB /* UIView+Expand.m in Sources */,
				012750EF21C605E3000FDFDB /* UIImage+Expand.m in Sources */,
				01F172EF21C93DF10065C987 /* BillingViewController.m in Sources */,
			);
			runOnlyForDeploymentPostprocessing = 0;
		};
		0196E13C21C00ADB004CB83C /* Sources */ = {
			isa = PBXSourcesBuildPhase;
			buildActionMask = 2147483647;
			files = (
				0196E14521C00ADB004CB83C /* ymlinksTests.m in Sources */,
			);
			runOnlyForDeploymentPostprocessing = 0;
		};
		0196E14721C00ADB004CB83C /* Sources */ = {
			isa = PBXSourcesBuildPhase;
			buildActionMask = 2147483647;
			files = (
				0196E15021C00ADB004CB83C /* ymlinksUITests.m in Sources */,
			);
			runOnlyForDeploymentPostprocessing = 0;
		};
/* End PBXSourcesBuildPhase section */

/* Begin PBXTargetDependency section */
		0196E14221C00ADB004CB83C /* PBXTargetDependency */ = {
			isa = PBXTargetDependency;
			target = 0196E12721C00ADB004CB83C /* ymlinks */;
			targetProxy = 0196E14121C00ADB004CB83C /* PBXContainerItemProxy */;
		};
		0196E14D21C00ADB004CB83C /* PBXTargetDependency */ = {
			isa = PBXTargetDependency;
			target = 0196E12721C00ADB004CB83C /* ymlinks */;
			targetProxy = 0196E14C21C00ADB004CB83C /* PBXContainerItemProxy */;
		};
/* End PBXTargetDependency section */

/* Begin PBXVariantGroup section */
		0196E13621C00ADB004CB83C /* LaunchScreen.storyboard */ = {
			isa = PBXVariantGroup;
			children = (
				0196E13721C00ADB004CB83C /* Base */,
			);
			name = LaunchScreen.storyboard;
			sourceTree = "<group>";
		};
		0196E16321C00DFA004CB83C /* Main.storyboard */ = {
			isa = PBXVariantGroup;
			children = (
				0196E16421C00DFA004CB83C /* Base */,
			);
			name = Main.storyboard;
			sourceTree = "<group>";
		};
/* End PBXVariantGroup section */

/* Begin XCBuildConfiguration section */
		0196E15221C00ADB004CB83C /* Debug */ = {
			isa = XCBuildConfiguration;
			buildSettings = {
				ALWAYS_SEARCH_USER_PATHS = NO;
				CLANG_ANALYZER_NONNULL = YES;
				CLANG_ANALYZER_NUMBER_OBJECT_CONVERSION = YES_AGGRESSIVE;
				CLANG_CXX_LANGUAGE_STANDARD = "gnu++14";
				CLANG_CXX_LIBRARY = "libc++";
				CLANG_ENABLE_MODULES = YES;
				CLANG_ENABLE_OBJC_ARC = YES;
				CLANG_WARN_BLOCK_CAPTURE_AUTORELEASING = YES;
				CLANG_WARN_BOOL_CONVERSION = YES;
				CLANG_WARN_COMMA = YES;
				CLANG_WARN_CONSTANT_CONVERSION = YES;
				CLANG_WARN_DIRECT_OBJC_ISA_USAGE = YES_ERROR;
				CLANG_WARN_DOCUMENTATION_COMMENTS = YES;
				CLANG_WARN_EMPTY_BODY = YES;
				CLANG_WARN_ENUM_CONVERSION = YES;
				CLANG_WARN_INFINITE_RECURSION = YES;
				CLANG_WARN_INT_CONVERSION = YES;
				CLANG_WARN_NON_LITERAL_NULL_CONVERSION = YES;
				CLANG_WARN_OBJC_LITERAL_CONVERSION = YES;
				CLANG_WARN_OBJC_ROOT_CLASS = YES_ERROR;
				CLANG_WARN_RANGE_LOOP_ANALYSIS = YES;
				CLANG_WARN_STRICT_PROTOTYPES = YES;
				CLANG_WARN_SUSPICIOUS_MOVE = YES;
				CLANG_WARN_UNGUARDED_AVAILABILITY = YES_AGGRESSIVE;
				CLANG_WARN_UNREACHABLE_CODE = YES;
				CLANG_WARN__DUPLICATE_METHOD_MATCH = YES;
				CODE_SIGN_IDENTITY = "iPhone Developer";
				COPY_PHASE_STRIP = NO;
				DEBUG_INFORMATION_FORMAT = dwarf;
				ENABLE_STRICT_OBJC_MSGSEND = YES;
				ENABLE_TESTABILITY = YES;
				GCC_C_LANGUAGE_STANDARD = gnu11;
				GCC_DYNAMIC_NO_PIC = NO;
				GCC_NO_COMMON_BLOCKS = YES;
				GCC_OPTIMIZATION_LEVEL = 0;
				GCC_PREPROCESSOR_DEFINITIONS = (
					"DEBUG=1",
					"$(inherited)",
				);
				GCC_WARN_64_TO_32_BIT_CONVERSION = YES;
				GCC_WARN_ABOUT_RETURN_TYPE = YES_ERROR;
				GCC_WARN_UNDECLARED_SELECTOR = YES;
				GCC_WARN_UNINITIALIZED_AUTOS = YES_AGGRESSIVE;
				GCC_WARN_UNUSED_FUNCTION = YES;
				GCC_WARN_UNUSED_VARIABLE = YES;
				IPHONEOS_DEPLOYMENT_TARGET = 11.2;
				MTL_ENABLE_DEBUG_INFO = YES;
				ONLY_ACTIVE_ARCH = YES;
				SDKROOT = iphoneos;
			};
			name = Debug;
		};
		0196E15321C00ADB004CB83C /* Release */ = {
			isa = XCBuildConfiguration;
			buildSettings = {
				ALWAYS_SEARCH_USER_PATHS = NO;
				CLANG_ANALYZER_NONNULL = YES;
				CLANG_ANALYZER_NUMBER_OBJECT_CONVERSION = YES_AGGRESSIVE;
				CLANG_CXX_LANGUAGE_STANDARD = "gnu++14";
				CLANG_CXX_LIBRARY = "libc++";
				CLANG_ENABLE_MODULES = YES;
				CLANG_ENABLE_OBJC_ARC = YES;
				CLANG_WARN_BLOCK_CAPTURE_AUTORELEASING = YES;
				CLANG_WARN_BOOL_CONVERSION = YES;
				CLANG_WARN_COMMA = YES;
				CLANG_WARN_CONSTANT_CONVERSION = YES;
				CLANG_WARN_DIRECT_OBJC_ISA_USAGE = YES_ERROR;
				CLANG_WARN_DOCUMENTATION_COMMENTS = YES;
				CLANG_WARN_EMPTY_BODY = YES;
				CLANG_WARN_ENUM_CONVERSION = YES;
				CLANG_WARN_INFINITE_RECURSION = YES;
				CLANG_WARN_INT_CONVERSION = YES;
				CLANG_WARN_NON_LITERAL_NULL_CONVERSION = YES;
				CLANG_WARN_OBJC_LITERAL_CONVERSION = YES;
				CLANG_WARN_OBJC_ROOT_CLASS = YES_ERROR;
				CLANG_WARN_RANGE_LOOP_ANALYSIS = YES;
				CLANG_WARN_STRICT_PROTOTYPES = YES;
				CLANG_WARN_SUSPICIOUS_MOVE = YES;
				CLANG_WARN_UNGUARDED_AVAILABILITY = YES_AGGRESSIVE;
				CLANG_WARN_UNREACHABLE_CODE = YES;
				CLANG_WARN__DUPLICATE_METHOD_MATCH = YES;
				CODE_SIGN_IDENTITY = "iPhone Developer";
				COPY_PHASE_STRIP = NO;
				DEBUG_INFORMATION_FORMAT = "dwarf-with-dsym";
				ENABLE_NS_ASSERTIONS = NO;
				ENABLE_STRICT_OBJC_MSGSEND = YES;
				GCC_C_LANGUAGE_STANDARD = gnu11;
				GCC_NO_COMMON_BLOCKS = YES;
				GCC_WARN_64_TO_32_BIT_CONVERSION = YES;
				GCC_WARN_ABOUT_RETURN_TYPE = YES_ERROR;
				GCC_WARN_UNDECLARED_SELECTOR = YES;
				GCC_WARN_UNINITIALIZED_AUTOS = YES_AGGRESSIVE;
				GCC_WARN_UNUSED_FUNCTION = YES;
				GCC_WARN_UNUSED_VARIABLE = YES;
				IPHONEOS_DEPLOYMENT_TARGET = 11.2;
				MTL_ENABLE_DEBUG_INFO = NO;
				SDKROOT = iphoneos;
				VALIDATE_PRODUCT = YES;
			};
			name = Release;
		};
		0196E15521C00ADB004CB83C /* Debug */ = {
			isa = XCBuildConfiguration;
			baseConfigurationReference = A834F11F154D8BC835355D68 /* Pods-ymlinks.debug.xcconfig */;
			buildSettings = {
				ASSETCATALOG_COMPILER_APPICON_NAME = AppIcon;
				CODE_SIGN_STYLE = Automatic;
				DEVELOPMENT_TEAM = X954KXZ2ZD;
				GCC_INCREASE_PRECOMPILED_HEADER_SHARING = NO;
				GCC_NO_COMMON_BLOCKS = NO;
				GCC_PRECOMPILE_PREFIX_HEADER = NO;
				GCC_PREFIX_HEADER = "$(SRCROOT)/$(PROJECT_NAME)/Utility/PrefixHeader.pch";
				GCC_WARN_ABOUT_INVALID_OFFSETOF_MACRO = YES;
				INFOPLIST_FILE = ymlinks/Info.plist;
				IPHONEOS_DEPLOYMENT_TARGET = 9.0;
				LD_RUNPATH_SEARCH_PATHS = "$(inherited) @executable_path/Frameworks";
				LIBRARY_SEARCH_PATHS = "$(inherited)";
				ONLY_ACTIVE_ARCH = NO;
				OTHER_LDFLAGS = (
					"$(inherited)",
					"-ObjC",
				);
				PRODUCT_BUNDLE_IDENTIFIER = com.ym.ymlinks;
				PRODUCT_NAME = "$(TARGET_NAME)";
				TARGETED_DEVICE_FAMILY = 2;
				USER_HEADER_SEARCH_PATHS = "";
			};
			name = Debug;
		};
		0196E15621C00ADB004CB83C /* Release */ = {
			isa = XCBuildConfiguration;
			baseConfigurationReference = AE0C5CF40097AB00BD445EE1 /* Pods-ymlinks.release.xcconfig */;
			buildSettings = {
				ASSETCATALOG_COMPILER_APPICON_NAME = AppIcon;
				CODE_SIGN_STYLE = Automatic;
				DEVELOPMENT_TEAM = X954KXZ2ZD;
				GCC_INCREASE_PRECOMPILED_HEADER_SHARING = NO;
				GCC_NO_COMMON_BLOCKS = NO;
				GCC_PRECOMPILE_PREFIX_HEADER = NO;
				GCC_PREFIX_HEADER = "$(SRCROOT)/$(PROJECT_NAME)/Utility/PrefixHeader.pch";
				GCC_WARN_ABOUT_INVALID_OFFSETOF_MACRO = YES;
				INFOPLIST_FILE = ymlinks/Info.plist;
				IPHONEOS_DEPLOYMENT_TARGET = 9.0;
				LD_RUNPATH_SEARCH_PATHS = "$(inherited) @executable_path/Frameworks";
				LIBRARY_SEARCH_PATHS = "$(inherited)";
				ONLY_ACTIVE_ARCH = NO;
				OTHER_LDFLAGS = (
					"$(inherited)",
					"-ObjC",
				);
				PRODUCT_BUNDLE_IDENTIFIER = com.ym.ymlinks;
				PRODUCT_NAME = "$(TARGET_NAME)";
				TARGETED_DEVICE_FAMILY = 2;
				USER_HEADER_SEARCH_PATHS = "";
			};
			name = Release;
		};
		0196E15821C00ADB004CB83C /* Debug */ = {
			isa = XCBuildConfiguration;
			buildSettings = {
				BUNDLE_LOADER = "$(TEST_HOST)";
				CODE_SIGN_STYLE = Automatic;
				DEVELOPMENT_TEAM = X954KXZ2ZD;
				INFOPLIST_FILE = ymlinksTests/Info.plist;
				LD_RUNPATH_SEARCH_PATHS = "$(inherited) @executable_path/Frameworks @loader_path/Frameworks";
				PRODUCT_BUNDLE_IDENTIFIER = com.ym.ymlinksTests;
				PRODUCT_NAME = "$(TARGET_NAME)";
				TARGETED_DEVICE_FAMILY = "1,2";
				TEST_HOST = "$(BUILT_PRODUCTS_DIR)/ymlinks.app/ymlinks";
			};
			name = Debug;
		};
		0196E15921C00ADB004CB83C /* Release */ = {
			isa = XCBuildConfiguration;
			buildSettings = {
				BUNDLE_LOADER = "$(TEST_HOST)";
				CODE_SIGN_STYLE = Automatic;
				DEVELOPMENT_TEAM = X954KXZ2ZD;
				INFOPLIST_FILE = ymlinksTests/Info.plist;
				LD_RUNPATH_SEARCH_PATHS = "$(inherited) @executable_path/Frameworks @loader_path/Frameworks";
				PRODUCT_BUNDLE_IDENTIFIER = com.ym.ymlinksTests;
				PRODUCT_NAME = "$(TARGET_NAME)";
				TARGETED_DEVICE_FAMILY = "1,2";
				TEST_HOST = "$(BUILT_PRODUCTS_DIR)/ymlinks.app/ymlinks";
			};
			name = Release;
		};
		0196E15B21C00ADB004CB83C /* Debug */ = {
			isa = XCBuildConfiguration;
			buildSettings = {
				CODE_SIGN_STYLE = Automatic;
				DEVELOPMENT_TEAM = X954KXZ2ZD;
				INFOPLIST_FILE = ymlinksUITests/Info.plist;
				LD_RUNPATH_SEARCH_PATHS = "$(inherited) @executable_path/Frameworks @loader_path/Frameworks";
				PRODUCT_BUNDLE_IDENTIFIER = com.ym.ymlinksUITests;
				PRODUCT_NAME = "$(TARGET_NAME)";
				TARGETED_DEVICE_FAMILY = "1,2";
				TEST_TARGET_NAME = ymlinks;
			};
			name = Debug;
		};
		0196E15C21C00ADB004CB83C /* Release */ = {
			isa = XCBuildConfiguration;
			buildSettings = {
				CODE_SIGN_STYLE = Automatic;
				DEVELOPMENT_TEAM = X954KXZ2ZD;
				INFOPLIST_FILE = ymlinksUITests/Info.plist;
				LD_RUNPATH_SEARCH_PATHS = "$(inherited) @executable_path/Frameworks @loader_path/Frameworks";
				PRODUCT_BUNDLE_IDENTIFIER = com.ym.ymlinksUITests;
				PRODUCT_NAME = "$(TARGET_NAME)";
				TARGETED_DEVICE_FAMILY = "1,2";
				TEST_TARGET_NAME = ymlinks;
			};
			name = Release;
		};
/* End XCBuildConfiguration section */

/* Begin XCConfigurationList section */
		0196E12321C00ADB004CB83C /* Build configuration list for PBXProject "ymlinks" */ = {
			isa = XCConfigurationList;
			buildConfigurations = (
				0196E15221C00ADB004CB83C /* Debug */,
				0196E15321C00ADB004CB83C /* Release */,
			);
			defaultConfigurationIsVisible = 0;
			defaultConfigurationName = Release;
		};
		0196E15421C00ADB004CB83C /* Build configuration list for PBXNativeTarget "ymlinks" */ = {
			isa = XCConfigurationList;
			buildConfigurations = (
				0196E15521C00ADB004CB83C /* Debug */,
				0196E15621C00ADB004CB83C /* Release */,
			);
			defaultConfigurationIsVisible = 0;
			defaultConfigurationName = Release;
		};
		0196E15721C00ADB004CB83C /* Build configuration list for PBXNativeTarget "ymlinksTests" */ = {
			isa = XCConfigurationList;
			buildConfigurations = (
				0196E15821C00ADB004CB83C /* Debug */,
				0196E15921C00ADB004CB83C /* Release */,
			);
			defaultConfigurationIsVisible = 0;
			defaultConfigurationName = Release;
		};
		0196E15A21C00ADB004CB83C /* Build configuration list for PBXNativeTarget "ymlinksUITests" */ = {
			isa = XCConfigurationList;
			buildConfigurations = (
				0196E15B21C00ADB004CB83C /* Debug */,
				0196E15C21C00ADB004CB83C /* Release */,
			);
			defaultConfigurationIsVisible = 0;
			defaultConfigurationName = Release;
		};
/* End XCConfigurationList section */
	};
	rootObject = 0196E12021C00ADB004CB83C /* Project object */;
}
